dependencies:
- name: mariadb
  repository: oci://registry-1.docker.io/cloudpirates
  version: 0.8.0
- name: logstash
  repository: https://charts.bitnami.com/bitnami
  version: 7.0.4
digest: sha256:f08d201367526ff2189bcba7f2fa3ec712a842dabbd716490414560faeb7b935
generated: "2025-12-08T16:16:04.913596174+01:00"
